// !$*UTF8*$!
{
	archiveVersion = 1;
	classes = {
	};
	objectVersion = 56;
	objects = {

/* Begin PBXBuildFile section */
		5526F9252BB5A78200B29B64 /* WordFlipUITests.swift in Sources */ = {isa = PBXBuildFile; fileRef = 5526F9242BB5A78200B29B64 /* WordFlipUITests.swift */; };
		5526F92E2BB5A87800B29B64 /* WordFlipPackage in Frameworks */ = {isa = PBXBuildFile; productRef = 5526F92D2BB5A87800B29B64 /* WordFlipPackage */; };
		555ADE2B2BB58298003A80E0 /* GoogleService-Info.plist in Resources */ = {isa = PBXBuildFile; fileRef = 555ADE2A2BB58298003A80E0 /* GoogleService-Info.plist */; };
		6F10A2D82BB62D5C00A394C2 /* Localizable.strings in Resources */ = {isa = PBXBuildFile; fileRef = 6F10A2D62BB62D5C00A394C2 /* Localizable.strings */; };
		6FBEA9482BB18B3700040759 /* WordFlipPackage in Frameworks */ = {isa = PBXBuildFile; productRef = 6FBEA9472BB18B3700040759 /* WordFlipPackage */; };
		97BB1C1B2BA9D7220050302D /* AppDelegate.swift in Sources */ = {isa = PBXBuildFile; fileRef = 97BB1C1A2BA9D7220050302D /* AppDelegate.swift */; };
		97BB1C1D2BA9D7220050302D /* SceneDelegate.swift in Sources */ = {isa = PBXBuildFile; fileRef = 97BB1C1C2BA9D7220050302D /* SceneDelegate.swift */; };
		97BB1C242BA9D7240050302D /* Assets.xcassets in Resources */ = {isa = PBXBuildFile; fileRef = 97BB1C232BA9D7240050302D /* Assets.xcassets */; };
		97BB1C272BA9D7240050302D /* LaunchScreen.storyboard in Resources */ = {isa = PBXBuildFile; fileRef = 97BB1C252BA9D7240050302D /* LaunchScreen.storyboard */; };
/* End PBXBuildFile section */

/* Begin PBXContainerItemProxy section */
		5526F9282BB5A78200B29B64 /* PBXContainerItemProxy */ = {
			isa = PBXContainerItemProxy;
			containerPortal = 97BB1C0F2BA9D7220050302D /* Project object */;
			proxyType = 1;
			remoteGlobalIDString = 97BB1C162BA9D7220050302D;
			remoteInfo = WordFlip;
		};
/* End PBXContainerItemProxy section */

/* Begin PBXFileReference section */
		5526F9222BB5A78200B29B64 /* WordFlipUITests.xctest */ = {isa = PBXFileReference; explicitFileType = wrapper.cfbundle; includeInIndex = 0; path = WordFlipUITests.xctest; sourceTree = BUILT_PRODUCTS_DIR; };
		5526F9242BB5A78200B29B64 /* WordFlipUITests.swift */ = {isa = PBXFileReference; lastKnownFileType = sourcecode.swift; path = WordFlipUITests.swift; sourceTree = "<group>"; };
		555ADE2A2BB58298003A80E0 /* GoogleService-Info.plist */ = {isa = PBXFileReference; fileEncoding = 4; lastKnownFileType = text.plist.xml; path = "GoogleService-Info.plist"; sourceTree = "<group>"; };
		55B445982BB65CE600D504FE /* ru */ = {isa = PBXFileReference; lastKnownFileType = text.plist.strings; name = ru; path = ru.lproj/Localizable.strings; sourceTree = "<group>"; };
		6F10A2D42BB6264900A394C2 /* en */ = {isa = PBXFileReference; lastKnownFileType = text.plist.strings; name = en; path = en.lproj/LaunchScreen.strings; sourceTree = "<group>"; };
		6F10A2D72BB62D5C00A394C2 /* en */ = {isa = PBXFileReference; lastKnownFileType = text.plist.strings; name = en; path = en.lproj/Localizable.strings; sourceTree = "<group>"; };
		97BB1C172BA9D7220050302D /* WordFlip.app */ = {isa = PBXFileReference; explicitFileType = wrapper.application; includeInIndex = 0; path = WordFlip.app; sourceTree = BUILT_PRODUCTS_DIR; };
		97BB1C1A2BA9D7220050302D /* AppDelegate.swift */ = {isa = PBXFileReference; lastKnownFileType = sourcecode.swift; path = AppDelegate.swift; sourceTree = "<group>"; };
		97BB1C1C2BA9D7220050302D /* SceneDelegate.swift */ = {isa = PBXFileReference; lastKnownFileType = sourcecode.swift; path = SceneDelegate.swift; sourceTree = "<group>"; };
		97BB1C232BA9D7240050302D /* Assets.xcassets */ = {isa = PBXFileReference; lastKnownFileType = folder.assetcatalog; path = Assets.xcassets; sourceTree = "<group>"; };
		97BB1C262BA9D7240050302D /* Base */ = {isa = PBXFileReference; lastKnownFileType = file.storyboard; name = Base; path = Base.lproj/LaunchScreen.storyboard; sourceTree = "<group>"; };
		97BB1C282BA9D7240050302D /* Info.plist */ = {isa = PBXFileReference; lastKnownFileType = text.plist.xml; path = Info.plist; sourceTree = "<group>"; };
		97BB1C302BAB10130050302D /* WordFlipPackage */ = {isa = PBXFileReference; lastKnownFileType = text; path = WordFlipPackage; sourceTree = SOURCE_ROOT; };
/* End PBXFileReference section */

/* Begin PBXFrameworksBuildPhase section */
		5526F91F2BB5A78200B29B64 /* Frameworks */ = {
			isa = PBXFrameworksBuildPhase;
			buildActionMask = 2147483647;
			files = (
				5526F92E2BB5A87800B29B64 /* WordFlipPackage in Frameworks */,
			);
			runOnlyForDeploymentPostprocessing = 0;
		};
		97BB1C142BA9D7220050302D /* Frameworks */ = {
			isa = PBXFrameworksBuildPhase;
			buildActionMask = 2147483647;
			files = (
				6FBEA9482BB18B3700040759 /* WordFlipPackage in Frameworks */,
			);
			runOnlyForDeploymentPostprocessing = 0;
		};
/* End PBXFrameworksBuildPhase section */

/* Begin PBXGroup section */
		5526F9232BB5A78200B29B64 /* WordFlipUITests */ = {
			isa = PBXGroup;
			children = (
				5526F9242BB5A78200B29B64 /* WordFlipUITests.swift */,
			);
			path = WordFlipUITests;
			sourceTree = "<group>";
		};
		97BB1C0E2BA9D7220050302D = {
			isa = PBXGroup;
			children = (
				97BB1C302BAB10130050302D /* WordFlipPackage */,
				97BB1C192BA9D7220050302D /* WordFlip */,
				5526F9232BB5A78200B29B64 /* WordFlipUITests */,
				97BB1C182BA9D7220050302D /* Products */,
				97BB1C312BAB115A0050302D /* Frameworks */,
			);
			sourceTree = "<group>";
		};
		97BB1C182BA9D7220050302D /* Products */ = {
			isa = PBXGroup;
			children = (
				97BB1C172BA9D7220050302D /* WordFlip.app */,
				5526F9222BB5A78200B29B64 /* WordFlipUITests.xctest */,
			);
			name = Products;
			sourceTree = "<group>";
		};
		97BB1C192BA9D7220050302D /* WordFlip */ = {
			isa = PBXGroup;
			children = (
				6F10A2D62BB62D5C00A394C2 /* Localizable.strings */,
				555ADE2A2BB58298003A80E0 /* GoogleService-Info.plist */,
				97BB1C1A2BA9D7220050302D /* AppDelegate.swift */,
				97BB1C1C2BA9D7220050302D /* SceneDelegate.swift */,
				97BB1C232BA9D7240050302D /* Assets.xcassets */,
				97BB1C252BA9D7240050302D /* LaunchScreen.storyboard */,
				97BB1C282BA9D7240050302D /* Info.plist */,
			);
			path = WordFlip;
			sourceTree = "<group>";
		};
		97BB1C312BAB115A0050302D /* Frameworks */ = {
			isa = PBXGroup;
			children = (
			);
			name = Frameworks;
			sourceTree = "<group>";
		};
/* End PBXGroup section */

/* Begin PBXNativeTarget section */
		5526F9212BB5A78200B29B64 /* WordFlipUITests */ = {
			isa = PBXNativeTarget;
			buildConfigurationList = 5526F92C2BB5A78200B29B64 /* Build configuration list for PBXNativeTarget "WordFlipUITests" */;
			buildPhases = (
				5526F91E2BB5A78200B29B64 /* Sources */,
				5526F91F2BB5A78200B29B64 /* Frameworks */,
				5526F9202BB5A78200B29B64 /* Resources */,
			);
			buildRules = (
			);
			dependencies = (
				5526F9292BB5A78200B29B64 /* PBXTargetDependency */,
			);
			name = WordFlipUITests;
			packageProductDependencies = (
				5526F92D2BB5A87800B29B64 /* WordFlipPackage */,
			);
			productName = WordFlipUITests;
			productReference = 5526F9222BB5A78200B29B64 /* WordFlipUITests.xctest */;
			productType = "com.apple.product-type.bundle.ui-testing";
		};
		97BB1C162BA9D7220050302D /* WordFlip */ = {
			isa = PBXNativeTarget;
			buildConfigurationList = 97BB1C2B2BA9D7240050302D /* Build configuration list for PBXNativeTarget "WordFlip" */;
			buildPhases = (
				97BB1C2E2BA9DB150050302D /* ShellScript */,
				97BB1C132BA9D7220050302D /* Sources */,
				97BB1C142BA9D7220050302D /* Frameworks */,
				97BB1C152BA9D7220050302D /* Resources */,
			);
			buildRules = (
			);
			dependencies = (
			);
			name = WordFlip;
			packageProductDependencies = (
				6FBEA9472BB18B3700040759 /* WordFlipPackage */,
			);
			productName = WordFlip;
			productReference = 97BB1C172BA9D7220050302D /* WordFlip.app */;
			productType = "com.apple.product-type.application";
		};
/* End PBXNativeTarget section */

/* Begin PBXProject section */
		97BB1C0F2BA9D7220050302D /* Project object */ = {
			isa = PBXProject;
			attributes = {
				BuildIndependentTargetsInParallel = 1;
				LastSwiftUpdateCheck = 1530;
				LastUpgradeCheck = 1430;
				TargetAttributes = {
					5526F9212BB5A78200B29B64 = {
						CreatedOnToolsVersion = 15.3;
						TestTargetID = 97BB1C162BA9D7220050302D;
					};
					97BB1C162BA9D7220050302D = {
						CreatedOnToolsVersion = 14.3.1;
					};
				};
			};
			buildConfigurationList = 97BB1C122BA9D7220050302D /* Build configuration list for PBXProject "WordFlip" */;
			compatibilityVersion = "Xcode 14.0";
			developmentRegion = en;
			hasScannedForEncodings = 0;
			knownRegions = (
				en,
				Base,
				ru,
			);
			mainGroup = 97BB1C0E2BA9D7220050302D;
			productRefGroup = 97BB1C182BA9D7220050302D /* Products */;
			projectDirPath = "";
			projectRoot = "";
			targets = (
				97BB1C162BA9D7220050302D /* WordFlip */,
				5526F9212BB5A78200B29B64 /* WordFlipUITests */,
			);
		};
/* End PBXProject section */

/* Begin PBXResourcesBuildPhase section */
		5526F9202BB5A78200B29B64 /* Resources */ = {
			isa = PBXResourcesBuildPhase;
			buildActionMask = 2147483647;
			files = (
			);
			runOnlyForDeploymentPostprocessing = 0;
		};
		97BB1C152BA9D7220050302D /* Resources */ = {
			isa = PBXResourcesBuildPhase;
			buildActionMask = 2147483647;
			files = (
				97BB1C272BA9D7240050302D /* LaunchScreen.storyboard in Resources */,
				6F10A2D82BB62D5C00A394C2 /* Localizable.strings in Resources */,
				97BB1C242BA9D7240050302D /* Assets.xcassets in Resources */,
				555ADE2B2BB58298003A80E0 /* GoogleService-Info.plist in Resources */,
			);
			runOnlyForDeploymentPostprocessing = 0;
		};
/* End PBXResourcesBuildPhase section */

/* Begin PBXShellScriptBuildPhase section */
		97BB1C2E2BA9DB150050302D /* ShellScript */ = {
			isa = PBXShellScriptBuildPhase;
			alwaysOutOfDate = 1;
			buildActionMask = 2147483647;
			files = (
			);
			inputFileListPaths = (
			);
			inputPaths = (
			);
			outputFileListPaths = (
			);
			outputPaths = (
			);
			runOnlyForDeploymentPostprocessing = 0;
			shellPath = /bin/sh;
			shellScript = "# Adds support for Apple Silicon brew directory\nexport PATH=\"$PATH:/opt/homebrew/bin\"\n\nif which swiftlint >/dev/null; then\n    swiftlint autocorrect --format\n    cd $SRCROOT/WordFlipPackage\n    swiftlint autocorrect --format\nelse\n    echo \"warning: SwiftLint not installed, download from https://github.com/realm/SwiftLint\"\nfi\n\nif [[ \"$(uname -m)\" == arm64 ]]; then\n    export PATH=\"/opt/homebrew/bin:$PATH\"\nfi\n";
		};
/* End PBXShellScriptBuildPhase section */

/* Begin PBXSourcesBuildPhase section */
		5526F91E2BB5A78200B29B64 /* Sources */ = {
			isa = PBXSourcesBuildPhase;
			buildActionMask = 2147483647;
			files = (
				5526F9252BB5A78200B29B64 /* WordFlipUITests.swift in Sources */,
			);
			runOnlyForDeploymentPostprocessing = 0;
		};
		97BB1C132BA9D7220050302D /* Sources */ = {
			isa = PBXSourcesBuildPhase;
			buildActionMask = 2147483647;
			files = (
				97BB1C1B2BA9D7220050302D /* AppDelegate.swift in Sources */,
				97BB1C1D2BA9D7220050302D /* SceneDelegate.swift in Sources */,
			);
			runOnlyForDeploymentPostprocessing = 0;
		};
/* End PBXSourcesBuildPhase section */

/* Begin PBXTargetDependency section */
		5526F9292BB5A78200B29B64 /* PBXTargetDependency */ = {
			isa = PBXTargetDependency;
			target = 97BB1C162BA9D7220050302D /* WordFlip */;
			targetProxy = 5526F9282BB5A78200B29B64 /* PBXContainerItemProxy */;
		};
/* End PBXTargetDependency section */

/* Begin PBXVariantGroup section */
		6F10A2D62BB62D5C00A394C2 /* Localizable.strings */ = {
			isa = PBXVariantGroup;
			children = (
				6F10A2D72BB62D5C00A394C2 /* en */,
				55B445982BB65CE600D504FE /* ru */,
			);
			name = Localizable.strings;
			sourceTree = "<group>";
		};
		97BB1C252BA9D7240050302D /* LaunchScreen.storyboard */ = {
			isa = PBXVariantGroup;
			children = (
				97BB1C262BA9D7240050302D /* Base */,
				6F10A2D42BB6264900A394C2 /* en */,
			);
			name = LaunchScreen.storyboard;
			sourceTree = "<group>";
		};
/* End PBXVariantGroup section */

/* Begin XCBuildConfiguration section */
		5526F92A2BB5A78200B29B64 /* Debug */ = {
			isa = XCBuildConfiguration;
			buildSettings = {
				ASSETCATALOG_COMPILER_GENERATE_SWIFT_ASSET_SYMBOL_EXTENSIONS = YES;
				CODE_SIGN_STYLE = Automatic;
				CURRENT_PROJECT_VERSION = 1;
				DEVELOPMENT_TEAM = 8RMR29VKMR;
				ENABLE_USER_SCRIPT_SANDBOXING = YES;
				GCC_C_LANGUAGE_STANDARD = gnu17;
				GENERATE_INFOPLIST_FILE = YES;
				IPHONEOS_DEPLOYMENT_TARGET = 17.4;
				LOCALIZATION_PREFERS_STRING_CATALOGS = YES;
				MARKETING_VERSION = 1.0;
				PRODUCT_BUNDLE_IDENTIFIER = com.BrZahar.WordFlipUITests;
				PRODUCT_NAME = "$(TARGET_NAME)";
				SWIFT_ACTIVE_COMPILATION_CONDITIONS = "DEBUG $(inherited)";
				SWIFT_EMIT_LOC_STRINGS = NO;
				SWIFT_VERSION = 5.0;
				TARGETED_DEVICE_FAMILY = "1,2";
				TEST_TARGET_NAME = WordFlip;
			};
			name = Debug;
		};
		5526F92B2BB5A78200B29B64 /* Release */ = {
			isa = XCBuildConfiguration;
			buildSettings = {
				ASSETCATALOG_COMPILER_GENERATE_SWIFT_ASSET_SYMBOL_EXTENSIONS = YES;
				CODE_SIGN_STYLE = Automatic;
				CURRENT_PROJECT_VERSION = 1;
				DEVELOPMENT_TEAM = 8RMR29VKMR;
				ENABLE_USER_SCRIPT_SANDBOXING = YES;
				GCC_C_LANGUAGE_STANDARD = gnu17;
				GENERATE_INFOPLIST_FILE = YES;
				IPHONEOS_DEPLOYMENT_TARGET = 17.4;
				LOCALIZATION_PREFERS_STRING_CATALOGS = YES;
				MARKETING_VERSION = 1.0;
				PRODUCT_BUNDLE_IDENTIFIER = com.BrZahar.WordFlipUITests;
				PRODUCT_NAME = "$(TARGET_NAME)";
				SWIFT_EMIT_LOC_STRINGS = NO;
				SWIFT_VERSION = 5.0;
				TARGETED_DEVICE_FAMILY = "1,2";
				TEST_TARGET_NAME = WordFlip;
			};
			name = Release;
		};
		97BB1C292BA9D7240050302D /* Debug */ = {
			isa = XCBuildConfiguration;
			buildSettings = {
				ALWAYS_SEARCH_USER_PATHS = NO;
				CLANG_ANALYZER_LOCALIZABILITY_NONLOCALIZED = YES;
				CLANG_ANALYZER_NONNULL = YES;
				CLANG_ANALYZER_NUMBER_OBJECT_CONVERSION = YES_AGGRESSIVE;
				CLANG_CXX_LANGUAGE_STANDARD = "gnu++20";
				CLANG_ENABLE_MODULES = YES;
				CLANG_ENABLE_OBJC_ARC = YES;
				CLANG_ENABLE_OBJC_WEAK = YES;
				CLANG_WARN_BLOCK_CAPTURE_AUTORELEASING = YES;
				CLANG_WARN_BOOL_CONVERSION = YES;
				CLANG_WARN_COMMA = YES;
				CLANG_WARN_CONSTANT_CONVERSION = YES;
				CLANG_WARN_DEPRECATED_OBJC_IMPLEMENTATIONS = YES;
				CLANG_WARN_DIRECT_OBJC_ISA_USAGE = YES_ERROR;
				CLANG_WARN_DOCUMENTATION_COMMENTS = YES;
				CLANG_WARN_EMPTY_BODY = YES;
				CLANG_WARN_ENUM_CONVERSION = YES;
				CLANG_WARN_INFINITE_RECURSION = YES;
				CLANG_WARN_INT_CONVERSION = YES;
				CLANG_WARN_NON_LITERAL_NULL_CONVERSION = YES;
				CLANG_WARN_OBJC_IMPLICIT_RETAIN_SELF = YES;
				CLANG_WARN_OBJC_LITERAL_CONVERSION = YES;
				CLANG_WARN_OBJC_ROOT_CLASS = YES_ERROR;
				CLANG_WARN_QUOTED_INCLUDE_IN_FRAMEWORK_HEADER = YES;
				CLANG_WARN_RANGE_LOOP_ANALYSIS = YES;
				CLANG_WARN_STRICT_PROTOTYPES = YES;
				CLANG_WARN_SUSPICIOUS_MOVE = YES;
				CLANG_WARN_UNGUARDED_AVAILABILITY = YES_AGGRESSIVE;
				CLANG_WARN_UNREACHABLE_CODE = YES;
				CLANG_WARN__DUPLICATE_METHOD_MATCH = YES;
				COPY_PHASE_STRIP = NO;
				DEBUG_INFORMATION_FORMAT = dwarf;
				ENABLE_STRICT_OBJC_MSGSEND = YES;
				ENABLE_TESTABILITY = YES;
				GCC_C_LANGUAGE_STANDARD = gnu11;
				GCC_DYNAMIC_NO_PIC = NO;
				GCC_NO_COMMON_BLOCKS = YES;
				GCC_OPTIMIZATION_LEVEL = 0;
				GCC_PREPROCESSOR_DEFINITIONS = (
					"DEBUG=1",
					"$(inherited)",
				);
				GCC_WARN_64_TO_32_BIT_CONVERSION = YES;
				GCC_WARN_ABOUT_RETURN_TYPE = YES_ERROR;
				GCC_WARN_UNDECLARED_SELECTOR = YES;
				GCC_WARN_UNINITIALIZED_AUTOS = YES_AGGRESSIVE;
				GCC_WARN_UNUSED_FUNCTION = YES;
				GCC_WARN_UNUSED_VARIABLE = YES;
				IPHONEOS_DEPLOYMENT_TARGET = 16.0;
				MTL_ENABLE_DEBUG_INFO = INCLUDE_SOURCE;
				MTL_FAST_MATH = YES;
				ONLY_ACTIVE_ARCH = YES;
				SDKROOT = iphoneos;
				SWIFT_ACTIVE_COMPILATION_CONDITIONS = DEBUG;
				SWIFT_OPTIMIZATION_LEVEL = "-Onone";
			};
			name = Debug;
		};
		97BB1C2A2BA9D7240050302D /* Release */ = {
			isa = XCBuildConfiguration;
			buildSettings = {
				ALWAYS_SEARCH_USER_PATHS = NO;
				CLANG_ANALYZER_LOCALIZABILITY_NONLOCALIZED = YES;
				CLANG_ANALYZER_NONNULL = YES;
				CLANG_ANALYZER_NUMBER_OBJECT_CONVERSION = YES_AGGRESSIVE;
				CLANG_CXX_LANGUAGE_STANDARD = "gnu++20";
				CLANG_ENABLE_MODULES = YES;
				CLANG_ENABLE_OBJC_ARC = YES;
				CLANG_ENABLE_OBJC_WEAK = YES;
				CLANG_WARN_BLOCK_CAPTURE_AUTORELEASING = YES;
				CLANG_WARN_BOOL_CONVERSION = YES;
				CLANG_WARN_COMMA = YES;
				CLANG_WARN_CONSTANT_CONVERSION = YES;
				CLANG_WARN_DEPRECATED_OBJC_IMPLEMENTATIONS = YES;
				CLANG_WARN_DIRECT_OBJC_ISA_USAGE = YES_ERROR;
				CLANG_WARN_DOCUMENTATION_COMMENTS = YES;
				CLANG_WARN_EMPTY_BODY = YES;
				CLANG_WARN_ENUM_CONVERSION = YES;
				CLANG_WARN_INFINITE_RECURSION = YES;
				CLANG_WARN_INT_CONVERSION = YES;
				CLANG_WARN_NON_LITERAL_NULL_CONVERSION = YES;
				CLANG_WARN_OBJC_IMPLICIT_RETAIN_SELF = YES;
				CLANG_WARN_OBJC_LITERAL_CONVERSION = YES;
				CLANG_WARN_OBJC_ROOT_CLASS = YES_ERROR;
				CLANG_WARN_QUOTED_INCLUDE_IN_FRAMEWORK_HEADER = YES;
				CLANG_WARN_RANGE_LOOP_ANALYSIS = YES;
				CLANG_WARN_STRICT_PROTOTYPES = YES;
				CLANG_WARN_SUSPICIOUS_MOVE = YES;
				CLANG_WARN_UNGUARDED_AVAILABILITY = YES_AGGRESSIVE;
				CLANG_WARN_UNREACHABLE_CODE = YES;
				CLANG_WARN__DUPLICATE_METHOD_MATCH = YES;
				COPY_PHASE_STRIP = NO;
				DEBUG_INFORMATION_FORMAT = "dwarf-with-dsym";
				ENABLE_NS_ASSERTIONS = NO;
				ENABLE_STRICT_OBJC_MSGSEND = YES;
				GCC_C_LANGUAGE_STANDARD = gnu11;
				GCC_NO_COMMON_BLOCKS = YES;
				GCC_WARN_64_TO_32_BIT_CONVERSION = YES;
				GCC_WARN_ABOUT_RETURN_TYPE = YES_ERROR;
				GCC_WARN_UNDECLARED_SELECTOR = YES;
				GCC_WARN_UNINITIALIZED_AUTOS = YES_AGGRESSIVE;
				GCC_WARN_UNUSED_FUNCTION = YES;
				GCC_WARN_UNUSED_VARIABLE = YES;
				IPHONEOS_DEPLOYMENT_TARGET = 16.0;
				MTL_ENABLE_DEBUG_INFO = NO;
				MTL_FAST_MATH = YES;
				SDKROOT = iphoneos;
				SWIFT_COMPILATION_MODE = wholemodule;
				SWIFT_OPTIMIZATION_LEVEL = "-O";
				VALIDATE_PRODUCT = YES;
			};
			name = Release;
		};
		97BB1C2C2BA9D7240050302D /* Debug */ = {
			isa = XCBuildConfiguration;
			buildSettings = {
				ASSETCATALOG_COMPILER_APPICON_NAME = AppIcon;
				ASSETCATALOG_COMPILER_GLOBAL_ACCENT_COLOR_NAME = AccentColor;
				CODE_SIGN_STYLE = Automatic;
				CURRENT_PROJECT_VERSION = 1;
				DEVELOPMENT_TEAM = "";
				GENERATE_INFOPLIST_FILE = YES;
				INFOPLIST_FILE = WordFlip/Info.plist;
				INFOPLIST_KEY_UIApplicationSupportsIndirectInputEvents = YES;
				INFOPLIST_KEY_UILaunchStoryboardName = LaunchScreen;
				INFOPLIST_KEY_UISupportedInterfaceOrientations_iPad = "UIInterfaceOrientationPortrait UIInterfaceOrientationPortraitUpsideDown UIInterfaceOrientationLandscapeLeft UIInterfaceOrientationLandscapeRight";
				INFOPLIST_KEY_UISupportedInterfaceOrientations_iPhone = "UIInterfaceOrientationPortrait UIInterfaceOrientationLandscapeLeft UIInterfaceOrientationLandscapeRight";
				IPHONEOS_DEPLOYMENT_TARGET = 16.0;
				LD_RUNPATH_SEARCH_PATHS = (
					"$(inherited)",
					"@executable_path/Frameworks",
				);
				MARKETING_VERSION = 1.0;
				PRODUCT_BUNDLE_IDENTIFIER = WordFlip.com.WordFlip;
				PRODUCT_NAME = "$(TARGET_NAME)";
				SWIFT_EMIT_LOC_STRINGS = YES;
				SWIFT_VERSION = 5.0;
				TARGETED_DEVICE_FAMILY = "1,2";
			};
			name = Debug;
		};
		97BB1C2D2BA9D7240050302D /* Release */ = {
			isa = XCBuildConfiguration;
			buildSettings = {
				ASSETCATALOG_COMPILER_APPICON_NAME = AppIcon;
				ASSETCATALOG_COMPILER_GLOBAL_ACCENT_COLOR_NAME = AccentColor;
				CODE_SIGN_STYLE = Automatic;
				CURRENT_PROJECT_VERSION = 1;
				DEVELOPMENT_TEAM = "";
				GENERATE_INFOPLIST_FILE = YES;
				INFOPLIST_FILE = WordFlip/Info.plist;
				INFOPLIST_KEY_UIApplicationSupportsIndirectInputEvents = YES;
				INFOPLIST_KEY_UILaunchStoryboardName = LaunchScreen;
				INFOPLIST_KEY_UISupportedInterfaceOrientations_iPad = "UIInterfaceOrientationPortrait UIInterfaceOrientationPortraitUpsideDown UIInterfaceOrientationLandscapeLeft UIInterfaceOrientationLandscapeRight";
				INFOPLIST_KEY_UISupportedInterfaceOrientations_iPhone = "UIInterfaceOrientationPortrait UIInterfaceOrientationLandscapeLeft UIInterfaceOrientationLandscapeRight";
				IPHONEOS_DEPLOYMENT_TARGET = 16.0;
				LD_RUNPATH_SEARCH_PATHS = (
					"$(inherited)",
					"@executable_path/Frameworks",
				);
				MARKETING_VERSION = 1.0;
				PRODUCT_BUNDLE_IDENTIFIER = WordFlip.com.WordFlip;
				PRODUCT_NAME = "$(TARGET_NAME)";
				SWIFT_EMIT_LOC_STRINGS = YES;
				SWIFT_VERSION = 5.0;
				TARGETED_DEVICE_FAMILY = "1,2";
			};
			name = Release;
		};
/* End XCBuildConfiguration section */

/* Begin XCConfigurationList section */
		5526F92C2BB5A78200B29B64 /* Build configuration list for PBXNativeTarget "WordFlipUITests" */ = {
			isa = XCConfigurationList;
			buildConfigurations = (
				5526F92A2BB5A78200B29B64 /* Debug */,
				5526F92B2BB5A78200B29B64 /* Release */,
			);
			defaultConfigurationIsVisible = 0;
			defaultConfigurationName = Release;
		};
		97BB1C122BA9D7220050302D /* Build configuration list for PBXProject "WordFlip" */ = {
			isa = XCConfigurationList;
			buildConfigurations = (
				97BB1C292BA9D7240050302D /* Debug */,
				97BB1C2A2BA9D7240050302D /* Release */,
			);
			defaultConfigurationIsVisible = 0;
			defaultConfigurationName = Release;
		};
		97BB1C2B2BA9D7240050302D /* Build configuration list for PBXNativeTarget "WordFlip" */ = {
			isa = XCConfigurationList;
			buildConfigurations = (
				97BB1C2C2BA9D7240050302D /* Debug */,
				97BB1C2D2BA9D7240050302D /* Release */,
			);
			defaultConfigurationIsVisible = 0;
			defaultConfigurationName = Release;
		};
/* End XCConfigurationList section */

/* Begin XCSwiftPackageProductDependency section */
		5526F92D2BB5A87800B29B64 /* WordFlipPackage */ = {
			isa = XCSwiftPackageProductDependency;
			productName = WordFlipPackage;
		};
		6FBEA9472BB18B3700040759 /* WordFlipPackage */ = {
			isa = XCSwiftPackageProductDependency;
			productName = WordFlipPackage;
		};
/* End XCSwiftPackageProductDependency section */
	};
	rootObject = 97BB1C0F2BA9D7220050302D /* Project object */;
}
